// !$*UTF8*$!
{
	archiveVersion = 1;
	classes = {
	};
	objectVersion = 55;
	objects = {

/* Begin PBXBuildFile section */
		B47BD43C27E39FDE009B9955 /* AppDelegate.swift in Sources */ = {isa = PBXBuildFile; fileRef = B47BD43B27E39FDE009B9955 /* AppDelegate.swift */; };
		B47BD43E27E39FDE009B9955 /* SceneDelegate.swift in Sources */ = {isa = PBXBuildFile; fileRef = B47BD43D27E39FDE009B9955 /* SceneDelegate.swift */; };
		B47BD44027E39FDE009B9955 /* ViewController.swift in Sources */ = {isa = PBXBuildFile; fileRef = B47BD43F27E39FDE009B9955 /* ViewController.swift */; };
		B47BD44327E39FDE009B9955 /* Main.storyboard in Resources */ = {isa = PBXBuildFile; fileRef = B47BD44127E39FDE009B9955 /* Main.storyboard */; };
		B47BD44627E39FDE009B9955 /* CoreDataChallenge.xcdatamodeld in Sources */ = {isa = PBXBuildFile; fileRef = B47BD44427E39FDE009B9955 /* CoreDataChallenge.xcdatamodeld */; };
		B47BD44827E39FE0009B9955 /* Assets.xcassets in Resources */ = {isa = PBXBuildFile; fileRef = B47BD44727E39FE0009B9955 /* Assets.xcassets */; };
		B47BD44B27E39FE0009B9955 /* LaunchScreen.storyboard in Resources */ = {isa = PBXBuildFile; fileRef = B47BD44927E39FE0009B9955 /* LaunchScreen.storyboard */; };
/* End PBXBuildFile section */

/* Begin PBXFileReference section */
		B47BD43827E39FDE009B9955 /* CoreDataChallenge.app */ = {isa = PBXFileReference; explicitFileType = wrapper.application; includeInIndex = 0; path = CoreDataChallenge.app; sourceTree = BUILT_PRODUCTS_DIR; };
		B47BD43B27E39FDE009B9955 /* AppDelegate.swift */ = {isa = PBXFileReference; lastKnownFileType = sourcecode.swift; path = AppDelegate.swift; sourceTree = "<group>"; };
		B47BD43D27E39FDE009B9955 /* SceneDelegate.swift */ = {isa = PBXFileReference; lastKnownFileType = sourcecode.swift; path = SceneDelegate.swift; sourceTree = "<group>"; };
		B47BD43F27E39FDE009B9955 /* ViewController.swift */ = {isa = PBXFileReference; lastKnownFileType = sourcecode.swift; path = ViewController.swift; sourceTree = "<group>"; };
		B47BD44227E39FDE009B9955 /* Base */ = {isa = PBXFileReference; lastKnownFileType = file.storyboard; name = Base; path = Base.lproj/Main.storyboard; sourceTree = "<group>"; };
		B47BD44527E39FDE009B9955 /* CoreDataChallenge.xcdatamodel */ = {isa = PBXFileReference; lastKnownFileType = wrapper.xcdatamodel; path = CoreDataChallenge.xcdatamodel; sourceTree = "<group>"; };
		B47BD44727E39FE0009B9955 /* Assets.xcassets */ = {isa = PBXFileReference; lastKnownFileType = folder.assetcatalog; path = Assets.xcassets; sourceTree = "<group>"; };
		B47BD44A27E39FE0009B9955 /* Base */ = {isa = PBXFileReference; lastKnownFileType = file.storyboard; name = Base; path = Base.lproj/LaunchScreen.storyboard; sourceTree = "<group>"; };
		B47BD44C27E39FE0009B9955 /* Info.plist */ = {isa = PBXFileReference; lastKnownFileType = text.plist.xml; path = Info.plist; sourceTree = "<group>"; };
/* End PBXFileReference section */

/* Begin PBXFrameworksBuildPhase section */
		B47BD43527E39FDE009B9955 /* Frameworks */ = {
			isa = PBXFrameworksBuildPhase;
			buildActionMask = 2147483647;
			files = (
			);
			runOnlyForDeploymentPostprocessing = 0;
		};
/* End PBXFrameworksBuildPhase section */

/* Begin PBXGroup section */
		B47BD42F27E39FDE009B9955 = {
			isa = PBXGroup;
			children = (
				B47BD43A27E39FDE009B9955 /* CoreDataChallenge */,
				B47BD43927E39FDE009B9955 /* Products */,
			);
			sourceTree = "<group>";
		};
		B47BD43927E39FDE009B9955 /* Products */ = {
			isa = PBXGroup;
			children = (
				B47BD43827E39FDE009B9955 /* CoreDataChallenge.app */,
			);
			name = Products;
			sourceTree = "<group>";
		};
		B47BD43A27E39FDE009B9955 /* CoreDataChallenge */ = {
			isa = PBXGroup;
			children = (
				B47BD43B27E39FDE009B9955 /* AppDelegate.swift */,
				B47BD43D27E39FDE009B9955 /* SceneDelegate.swift */,
				B47BD43F27E39FDE009B9955 /* ViewController.swift */,
				B47BD44127E39FDE009B9955 /* Main.storyboard */,
				B47BD44727E39FE0009B9955 /* Assets.xcassets */,
				B47BD44927E39FE0009B9955 /* LaunchScreen.storyboard */,
				B47BD44C27E39FE0009B9955 /* Info.plist */,
				B47BD44427E39FDE009B9955 /* CoreDataChallenge.xcdatamodeld */,
			);
			path = CoreDataChallenge;
			sourceTree = "<group>";
		};
/* End PBXGroup section */

/* Begin PBXNativeTarget section */
		B47BD43727E39FDE009B9955 /* CoreDataChallenge */ = {
			isa = PBXNativeTarget;
			buildConfigurationList = B47BD44F27E39FE0009B9955 /* Build configuration list for PBXNativeTarget "CoreDataChallenge" */;
			buildPhases = (
				B47BD43427E39FDE009B9955 /* Sources */,
				B47BD43527E39FDE009B9955 /* Frameworks */,
				B47BD43627E39FDE009B9955 /* Resources */,
			);
			buildRules = (
			);
			dependencies = (
			);
			name = CoreDataChallenge;
			productName = CoreDataChallenge;
			productReference = B47BD43827E39FDE009B9955 /* CoreDataChallenge.app */;
			productType = "com.apple.product-type.application";
		};
/* End PBXNativeTarget section */

/* Begin PBXProject section */
		B47BD43027E39FDE009B9955 /* Project object */ = {
			isa = PBXProject;
			attributes = {
				BuildIndependentTargetsInParallel = 1;
				LastSwiftUpdateCheck = 1320;
				LastUpgradeCheck = 1320;
				TargetAttributes = {
					B47BD43727E39FDE009B9955 = {
						CreatedOnToolsVersion = 13.2.1;
					};
				};
			};
			buildConfigurationList = B47BD43327E39FDE009B9955 /* Build configuration list for PBXProject "CoreDataChallenge" */;
			compatibilityVersion = "Xcode 13.0";
			developmentRegion = en;
			hasScannedForEncodings = 0;
			knownRegions = (
				en,
				Base,
			);
			mainGroup = B47BD42F27E39FDE009B9955;
			productRefGroup = B47BD43927E39FDE009B9955 /* Products */;
			projectDirPath = "";
			projectRoot = "";
			targets = (
				B47BD43727E39FDE009B9955 /* CoreDataChallenge */,
			);
		};
/* End PBXProject section */

/* Begin PBXResourcesBuildPhase section */
		B47BD43627E39FDE009B9955 /* Resources */ = {
			isa = PBXResourcesBuildPhase;
			buildActionMask = 2147483647;
			files = (
				B47BD44B27E39FE0009B9955 /* LaunchScreen.storyboard in Resources */,
				B47BD44827E39FE0009B9955 /* Assets.xcassets in Resources */,
				B47BD44327E39FDE009B9955 /* Main.storyboard in Resources */,
			);
			runOnlyForDeploymentPostprocessing = 0;
		};
/* End PBXResourcesBuildPhase section */

/* Begin PBXSourcesBuildPhase section */
		B47BD43427E39FDE009B9955 /* Sources */ = {
			isa = PBXSourcesBuildPhase;
			buildActionMask = 2147483647;
			files = (
				B47BD44627E39FDE009B9955 /* CoreDataChallenge.xcdatamodeld in Sources */,
				B47BD44027E39FDE009B9955 /* ViewController.swift in Sources */,
				B47BD43C27E39FDE009B9955 /* AppDelegate.swift in Sources */,
				B47BD43E27E39FDE009B9955 /* SceneDelegate.swift in Sources */,
			);
			runOnlyForDeploymentPostprocessing = 0;
		};
/* End PBXSourcesBuildPhase section */

/* Begin PBXVariantGroup section */
		B47BD44127E39FDE009B9955 /* Main.storyboard */ = {
			isa = PBXVariantGroup;
			children = (
				B47BD44227E39FDE009B9955 /* Base */,
			);
			name = Main.storyboard;
			sourceTree = "<group>";
		};
		B47BD44927E39FE0009B9955 /* LaunchScreen.storyboard */ = {
			isa = PBXVariantGroup;
			children = (
				B47BD44A27E39FE0009B9955 /* Base */,
			);
			name = LaunchScreen.storyboard;
			sourceTree = "<group>";
		};
/* End PBXVariantGroup section */

/* Begin XCBuildConfiguration section */
		B47BD44D27E39FE0009B9955 /* Debug */ = {
			isa = XCBuildConfiguration;
			buildSettings = {
				ALWAYS_SEARCH_USER_PATHS = NO;
				CLANG_ANALYZER_NONNULL = YES;
				CLANG_ANALYZER_NUMBER_OBJECT_CONVERSION = YES_AGGRESSIVE;
				CLANG_CXX_LANGUAGE_STANDARD = "gnu++17";
				CLANG_CXX_LIBRARY = "libc++";
				CLANG_ENABLE_MODULES = YES;
				CLANG_ENABLE_OBJC_ARC = YES;
				CLANG_ENABLE_OBJC_WEAK = YES;
				CLANG_WARN_BLOCK_CAPTURE_AUTORELEASING = YES;
				CLANG_WARN_BOOL_CONVERSION = YES;
				CLANG_WARN_COMMA = YES;
				CLANG_WARN_CONSTANT_CONVERSION = YES;
				CLANG_WARN_DEPRECATED_OBJC_IMPLEMENTATIONS = YES;
				CLANG_WARN_DIRECT_OBJC_ISA_USAGE = YES_ERROR;
				CLANG_WARN_DOCUMENTATION_COMMENTS = YES;
				CLANG_WARN_EMPTY_BODY = YES;
				CLANG_WARN_ENUM_CONVERSION = YES;
				CLANG_WARN_INFINITE_RECURSION = YES;
				CLANG_WARN_INT_CONVERSION = YES;
				CLANG_WARN_NON_LITERAL_NULL_CONVERSION = YES;
				CLANG_WARN_OBJC_IMPLICIT_RETAIN_SELF = YES;
				CLANG_WARN_OBJC_LITERAL_CONVERSION = YES;
				CLANG_WARN_OBJC_ROOT_CLASS = YES_ERROR;
				CLANG_WARN_QUOTED_INCLUDE_IN_FRAMEWORK_HEADER = YES;
				CLANG_WARN_RANGE_LOOP_ANALYSIS = YES;
				CLANG_WARN_STRICT_PROTOTYPES = YES;
				CLANG_WARN_SUSPICIOUS_MOVE = YES;
				CLANG_WARN_UNGUARDED_AVAILABILITY = YES_AGGRESSIVE;
				CLANG_WARN_UNREACHABLE_CODE = YES;
				CLANG_WARN__DUPLICATE_METHOD_MATCH = YES;
				COPY_PHASE_STRIP = NO;
				DEBUG_INFORMATION_FORMAT = dwarf;
				ENABLE_STRICT_OBJC_MSGSEND = YES;
				ENABLE_TESTABILITY = YES;
				GCC_C_LANGUAGE_STANDARD = gnu11;
				GCC_DYNAMIC_NO_PIC = NO;
				GCC_NO_COMMON_BLOCKS = YES;
				GCC_OPTIMIZATION_LEVEL = 0;
				GCC_PREPROCESSOR_DEFINITIONS = (
					"DEBUG=1",
					"$(inherited)",
				);
				GCC_WARN_64_TO_32_BIT_CONVERSION = YES;
				GCC_WARN_ABOUT_RETURN_TYPE = YES_ERROR;
				GCC_WARN_UNDECLARED_SELECTOR = YES;
				GCC_WARN_UNINITIALIZED_AUTOS = YES_AGGRESSIVE;
				GCC_WARN_UNUSED_FUNCTION = YES;
				GCC_WARN_UNUSED_VARIABLE = YES;
				IPHONEOS_DEPLOYMENT_TARGET = 15.2;
				MTL_ENABLE_DEBUG_INFO = INCLUDE_SOURCE;
				MTL_FAST_MATH = YES;
				ONLY_ACTIVE_ARCH = YES;
				SDKROOT = iphoneos;
				SWIFT_ACTIVE_COMPILATION_CONDITIONS = DEBUG;
				SWIFT_OPTIMIZATION_LEVEL = "-Onone";
			};
			name = Debug;
		};
		B47BD44E27E39FE0009B9955 /* Release */ = {
			isa = XCBuildConfiguration;
			buildSettings = {
				ALWAYS_SEARCH_USER_PATHS = NO;
				CLANG_ANALYZER_NONNULL = YES;
				CLANG_ANALYZER_NUMBER_OBJECT_CONVERSION = YES_AGGRESSIVE;
				CLANG_CXX_LANGUAGE_STANDARD = "gnu++17";
				CLANG_CXX_LIBRARY = "libc++";
				CLANG_ENABLE_MODULES = YES;
				CLANG_ENABLE_OBJC_ARC = YES;
				CLANG_ENABLE_OBJC_WEAK = YES;
				CLANG_WARN_BLOCK_CAPTURE_AUTORELEASING = YES;
				CLANG_WARN_BOOL_CONVERSION = YES;
				CLANG_WARN_COMMA = YES;
				CLANG_WARN_CONSTANT_CONVERSION = YES;
				CLANG_WARN_DEPRECATED_OBJC_IMPLEMENTATIONS = YES;
				CLANG_WARN_DIRECT_OBJC_ISA_USAGE = YES_ERROR;
				CLANG_WARN_DOCUMENTATION_COMMENTS = YES;
				CLANG_WARN_EMPTY_BODY = YES;
				CLANG_WARN_ENUM_CONVERSION = YES;
				CLANG_WARN_INFINITE_RECURSION = YES;
				CLANG_WARN_INT_CONVERSION = YES;
				CLANG_WARN_NON_LITERAL_NULL_CONVERSION = YES;
				CLANG_WARN_OBJC_IMPLICIT_RETAIN_SELF = YES;
				CLANG_WARN_OBJC_LITERAL_CONVERSION = YES;
				CLANG_WARN_OBJC_ROOT_CLASS = YES_ERROR;
				CLANG_WARN_QUOTED_INCLUDE_IN_FRAMEWORK_HEADER = YES;
				CLANG_WARN_RANGE_LOOP_ANALYSIS = YES;
				CLANG_WARN_STRICT_PROTOTYPES = YES;
				CLANG_WARN_SUSPICIOUS_MOVE = YES;
				CLANG_WARN_UNGUARDED_AVAILABILITY = YES_AGGRESSIVE;
				CLANG_WARN_UNREACHABLE_CODE = YES;
				CLANG_WARN__DUPLICATE_METHOD_MATCH = YES;
				COPY_PHASE_STRIP = NO;
				DEBUG_INFORMATION_FORMAT = "dwarf-with-dsym";
				ENABLE_NS_ASSERTIONS = NO;
				ENABLE_STRICT_OBJC_MSGSEND = YES;
				GCC_C_LANGUAGE_STANDARD = gnu11;
				GCC_NO_COMMON_BLOCKS = YES;
				GCC_WARN_64_TO_32_BIT_CONVERSION = YES;
				GCC_WARN_ABOUT_RETURN_TYPE = YES_ERROR;
				GCC_WARN_UNDECLARED_SELECTOR = YES;
				GCC_WARN_UNINITIALIZED_AUTOS = YES_AGGRESSIVE;
				GCC_WARN_UNUSED_FUNCTION = YES;
				GCC_WARN_UNUSED_VARIABLE = YES;
				IPHONEOS_DEPLOYMENT_TARGET = 15.2;
				MTL_ENABLE_DEBUG_INFO = NO;
				MTL_FAST_MATH = YES;
				SDKROOT = iphoneos;
				SWIFT_COMPILATION_MODE = wholemodule;
				SWIFT_OPTIMIZATION_LEVEL = "-O";
				VALIDATE_PRODUCT = YES;
			};
			name = Release;
		};
		B47BD45027E39FE0009B9955 /* Debug */ = {
			isa = XCBuildConfiguration;
			buildSettings = {
				ASSETCATALOG_COMPILER_APPICON_NAME = AppIcon;
				ASSETCATALOG_COMPILER_GLOBAL_ACCENT_COLOR_NAME = AccentColor;
				CODE_SIGN_STYLE = Automatic;
				CURRENT_PROJECT_VERSION = 1;
				DEVELOPMENT_TEAM = CUXQ8WM7SV;
				GENERATE_INFOPLIST_FILE = YES;
				INFOPLIST_FILE = CoreDataChallenge/Info.plist;
				INFOPLIST_KEY_UIApplicationSupportsIndirectInputEvents = YES;
				INFOPLIST_KEY_UILaunchStoryboardName = LaunchScreen;
				INFOPLIST_KEY_UIMainStoryboardFile = Main;
				INFOPLIST_KEY_UISupportedInterfaceOrientations_iPad = "UIInterfaceOrientationPortrait UIInterfaceOrientationPortraitUpsideDown UIInterfaceOrientationLandscapeLeft UIInterfaceOrientationLandscapeRight";
				INFOPLIST_KEY_UISupportedInterfaceOrientations_iPhone = "UIInterfaceOrientationPortrait UIInterfaceOrientationLandscapeLeft UIInterfaceOrientationLandscapeRight";
				LD_RUNPATH_SEARCH_PATHS = (
					"$(inherited)",
					"@executable_path/Frameworks",
				);
				MARKETING_VERSION = 1.0;
				PRODUCT_BUNDLE_IDENTIFIER = JoaoBrentano.CoreDataChallenge;
				PRODUCT_NAME = "$(TARGET_NAME)";
				SWIFT_EMIT_LOC_STRINGS = YES;
				SWIFT_VERSION = 5.0;
				TARGETED_DEVICE_FAMILY = "1,2";
			};
			name = Debug;
		};
		B47BD45127E39FE0009B9955 /* Release */ = {
			isa = XCBuildConfiguration;
			buildSettings = {
				ASSETCATALOG_COMPILER_APPICON_NAME = AppIcon;
				ASSETCATALOG_COMPILER_GLOBAL_ACCENT_COLOR_NAME = AccentColor;
				CODE_SIGN_STYLE = Automatic;
				CURRENT_PROJECT_VERSION = 1;
				DEVELOPMENT_TEAM = CUXQ8WM7SV;
				GENERATE_INFOPLIST_FILE = YES;
				INFOPLIST_FILE = CoreDataChallenge/Info.plist;
				INFOPLIST_KEY_UIApplicationSupportsIndirectInputEvents = YES;
				INFOPLIST_KEY_UILaunchStoryboardName = LaunchScreen;
				INFOPLIST_KEY_UIMainStoryboardFile = Main;
				INFOPLIST_KEY_UISupportedInterfaceOrientations_iPad = "UIInterfaceOrientationPortrait UIInterfaceOrientationPortraitUpsideDown UIInterfaceOrientationLandscapeLeft UIInterfaceOrientationLandscapeRight";
				INFOPLIST_KEY_UISupportedInterfaceOrientations_iPhone = "UIInterfaceOrientationPortrait UIInterfaceOrientationLandscapeLeft UIInterfaceOrientationLandscapeRight";
				LD_RUNPATH_SEARCH_PATHS = (
					"$(inherited)",
					"@executable_path/Frameworks",
				);
				MARKETING_VERSION = 1.0;
				PRODUCT_BUNDLE_IDENTIFIER = JoaoBrentano.CoreDataChallenge;
				PRODUCT_NAME = "$(TARGET_NAME)";
				SWIFT_EMIT_LOC_STRINGS = YES;
				SWIFT_VERSION = 5.0;
				TARGETED_DEVICE_FAMILY = "1,2";
			};
			name = Release;
		};
/* End XCBuildConfiguration section */

/* Begin XCConfigurationList section */
		B47BD43327E39FDE009B9955 /* Build configuration list for PBXProject "CoreDataChallenge" */ = {
			isa = XCConfigurationList;
			buildConfigurations = (
				B47BD44D27E39FE0009B9955 /* Debug */,
				B47BD44E27E39FE0009B9955 /* Release */,
			);
			defaultConfigurationIsVisible = 0;
			defaultConfigurationName = Release;
		};
		B47BD44F27E39FE0009B9955 /* Build configuration list for PBXNativeTarget "CoreDataChallenge" */ = {
			isa = XCConfigurationList;
			buildConfigurations = (
				B47BD45027E39FE0009B9955 /* Debug */,
				B47BD45127E39FE0009B9955 /* Release */,
			);
			defaultConfigurationIsVisible = 0;
			defaultConfigurationName = Release;
		};
/* End XCConfigurationList section */

/* Begin XCVersionGroup section */
		B47BD44427E39FDE009B9955 /* CoreDataChallenge.xcdatamodeld */ = {
			isa = XCVersionGroup;
			children = (
				B47BD44527E39FDE009B9955 /* CoreDataChallenge.xcdatamodel */,
			);
			currentVersion = B47BD44527E39FDE009B9955 /* CoreDataChallenge.xcdatamodel */;
			path = CoreDataChallenge.xcdatamodeld;
			sourceTree = "<group>";
			versionGroupType = wrapper.xcdatamodel;
		};
/* End XCVersionGroup section */
	};
	rootObject = B47BD43027E39FDE009B9955 /* Project object */;
}
